
Microsoft Visual Studio Solution File, Format Version 12.00
# Visual Studio Version 17
VisualStudioVersion = 17.9.34902.65
MinimumVisualStudioVersion = 10.0.40219.1
Project("{9A19103F-16F7-4668-BE54-9A1E7A4F7556}") = "UserProvider", "UserProvider\UserProvider.csproj", "{720615C0-A017-4163-9207-D8AD15674356}"
EndProject
Project("{9A19103F-16F7-4668-BE54-9A1E7A4F7556}") = "Data", "Data\Data.csproj", "{EC615E2D-CA89-428F-84FC-DCB1EFE0E99F}"
EndProject
Global
	GlobalSection(SolutionConfigurationPlatforms) = preSolution
		Debug|Any CPU = Debug|Any CPU
		Release|Any CPU = Release|Any CPU
	EndGlobalSection
	GlobalSection(ProjectConfigurationPlatforms) = postSolution
		{720615C0-A017-4163-9207-D8AD15674356}.Debug|Any CPU.ActiveCfg = Debug|Any CPU
		{720615C0-A017-4163-9207-D8AD15674356}.Debug|Any CPU.Build.0 = Debug|Any CPU
		{720615C0-A017-4163-9207-D8AD15674356}.Release|Any CPU.ActiveCfg = Release|Any CPU
		{720615C0-A017-4163-9207-D8AD15674356}.Release|Any CPU.Build.0 = Release|Any CPU
		{EC615E2D-CA89-428F-84FC-DCB1EFE0E99F}.Debug|Any CPU.ActiveCfg = Debug|Any CPU
		{EC615E2D-CA89-428F-84FC-DCB1EFE0E99F}.Debug|Any CPU.Build.0 = Debug|Any CPU
		{EC615E2D-CA89-428F-84FC-DCB1EFE0E99F}.Release|Any CPU.ActiveCfg = Release|Any CPU
		{EC615E2D-CA89-428F-84FC-DCB1EFE0E99F}.Release|Any CPU.Build.0 = Release|Any CPU
	EndGlobalSection
	GlobalSection(SolutionProperties) = preSolution
		HideSolutionNode = FALSE
	EndGlobalSection
	GlobalSection(ExtensibilityGlobals) = postSolution
		SolutionGuid = {558A2741-957B-4861-93DE-4F89F9118BCB}
	EndGlobalSection
EndGlobal
